<?xml version="1.0" encoding="utf-8"?>
<Project ToolsVersion="4.0" xmlns="http://schemas.microsoft.com/developer/msbuild/2003">
  <ItemGroup>
    <Filter Include="Source Files">
      <UniqueIdentifier>{4FC737F1-C7A5-4376-A066-2A32D752A2FF}</UniqueIdentifier>
      <Extensions>cpp;c;cc;cxx;def;odl;idl;hpj;bat;asm;asmx</Extensions>
    </Filter>
    <Filter Include="Header Files">
      <UniqueIdentifier>{93995380-89BD-4b04-88EB-625FBE52EBFB}</UniqueIdentifier>
      <Extensions>h;hh;hpp;hxx;hm;inl;inc;xsd</Extensions>
    </Filter>
    <Filter Include="Resource Files">
      <UniqueIdentifier>{67DA6AB6-F800-4c08-8B7A-83BB121AAD01}</UniqueIdentifier>
      <Extensions>rc;ico;cur;bmp;dlg;rc2;rct;bin;rgs;gif;jpg;jpeg;jpe;resx;tiff;tif;png;wav;mfcribbon-ms</Extensions>
    </Filter>
  </ItemGroup>
  <ItemGroup>
    <ClInclude Include="Race.h">
      <Filter>Header Files</Filter>
    </ClInclude>
    <ClInclude Include="Auto.h">
      <Filter>Header Files</Filter>
    </ClInclude>
    <ClInclude Include="Barrier.h">
      <Filter>Header Files</Filter>
    </ClInclude>
    <ClInclude Include="Road.h">
      <Filter>Header Files</Filter>
    </ClInclude>
    <ClInclude Include="Autobahn.h">
      <Filter>Header Files</Filter>
    </ClInclude>
    <ClInclude Include="Decor.h">
      <Filter>Header Files</Filter>
    </ClInclude>
    <ClInclude Include="Line.h">
      <Filter>Header Files</Filter>
    </ClInclude>
    <ClInclude Include="Dashboard.h">
      <Filter>Header Files</Filter>
    </ClInclude>
    <ClInclude Include="Sensor.h">
      <Filter>Header Files</Filter>
    </ClInclude>
    <ClInclude Include="DistanceSensor.h">
      <Filter>Header Files</Filter>
    </ClInclude>
    <ClInclude Include="TimeSensor.h">
      <Filter>Header Files</Filter>
    </ClInclude>
    <ClInclude Include="Control.h">
      <Filter>Header Files</Filter>
    </ClInclude>
    <ClInclude Include="Up.h">
      <Filter>Header Files</Filter>
    </ClInclude>
    <ClInclude Include="Down.h">
      <Filter>Header Files</Filter>
    </ClInclude>
    <ClInclude Include="Left.h">
      <Filter>Header Files</Filter>
    </ClInclude>
    <ClInclude Include="Right.h">
      <Filter>Header Files</Filter>
    </ClInclude>
    <ClInclude Include="SpeedSensor.h">
      <Filter>Header Files</Filter>
    </ClInclude>
  </ItemGroup>
  <ItemGroup>
    <ClCompile Include="Auto.cpp">
      <Filter>Source Files</Filter>
    </ClCompile>
    <ClCompile Include="Road.cpp">
      <Filter>Source Files</Filter>
    </ClCompile>
    <ClCompile Include="Barrier.cpp">
      <Filter>Source Files</Filter>
    </ClCompile>
    <ClCompile Include="Race.cpp">
      <Filter>Source Files</Filter>
    </ClCompile>
    <ClCompile Include="Autobahn.cpp">
      <Filter>Source Files</Filter>
    </ClCompile>
    <ClCompile Include="Decor.cpp">
      <Filter>Source Files</Filter>
    </ClCompile>
    <ClCompile Include="Line.cpp">
      <Filter>Source Files</Filter>
    </ClCompile>
    <ClCompile Include="Sensor.cpp">
      <Filter>Source Files</Filter>
    </ClCompile>
    <ClCompile Include="Dashboard.cpp">
      <Filter>Source Files</Filter>
    </ClCompile>
    <ClCompile Include="SpeedSensor.cpp">
      <Filter>Source Files</Filter>
    </ClCompile>
    <ClCompile Include="TimeSensor.cpp">
      <Filter>Source Files</Filter>
    </ClCompile>
    <ClCompile Include="DistanceSensor.cpp">
      <Filter>Source Files</Filter>
    </ClCompile>
    <ClCompile Include="Control.cpp">
      <Filter>Source Files</Filter>
    </ClCompile>
    <ClCompile Include="Left.cpp">
      <Filter>Source Files</Filter>
    </ClCompile>
    <ClCompile Include="Up.cpp">
      <Filter>Source Files</Filter>
    </ClCompile>
    <ClCompile Include="Down.cpp">
      <Filter>Source Files</Filter>
    </ClCompile>
    <ClCompile Include="Right.cpp">
      <Filter>Source Files</Filter>
    </ClCompile>
    <ClCompile Include="main.cpp">
      <Filter>Source Files</Filter>
    </ClCompile>
  </ItemGroup>
</Project>